
Microsoft Visual Studio Solution File, Format Version 12.00
# Visual Studio Version 16
VisualStudioVersion = 16.0.30413.136
MinimumVisualStudioVersion = 10.0.40219.1
Project("{FAE04EC0-301F-11D3-BF4B-00C04F79EFBC}") = "unitTestSeSuchem", "unitTestSeSuchem\unitTestSeSuchem.csproj", "{A5B83979-C9D2-409A-A596-0852F27354E7}"
EndProject
Project("{FAE04EC0-301F-11D3-BF4B-00C04F79EFBC}") = "UnitTestProject1", "UnitTestProject1\UnitTestProject1.csproj", "{EC8ABCBE-917C-4142-AA55-6775837425AD}"
EndProject
Global
	GlobalSection(SolutionConfigurationPlatforms) = preSolution
		Debug|Any CPU = Debug|Any CPU
		Release|Any CPU = Release|Any CPU
	EndGlobalSection
	GlobalSection(ProjectConfigurationPlatforms) = postSolution
		{A5B83979-C9D2-409A-A596-0852F27354E7}.Debug|Any CPU.ActiveCfg = Debug|Any CPU
		{A5B83979-C9D2-409A-A596-0852F27354E7}.Debug|Any CPU.Build.0 = Debug|Any CPU
		{A5B83979-C9D2-409A-A596-0852F27354E7}.Release|Any CPU.ActiveCfg = Release|Any CPU
		{A5B83979-C9D2-409A-A596-0852F27354E7}.Release|Any CPU.Build.0 = Release|Any CPU
		{EC8ABCBE-917C-4142-AA55-6775837425AD}.Debug|Any CPU.ActiveCfg = Debug|Any CPU
		{EC8ABCBE-917C-4142-AA55-6775837425AD}.Debug|Any CPU.Build.0 = Debug|Any CPU
		{EC8ABCBE-917C-4142-AA55-6775837425AD}.Release|Any CPU.ActiveCfg = Release|Any CPU
		{EC8ABCBE-917C-4142-AA55-6775837425AD}.Release|Any CPU.Build.0 = Release|Any CPU
	EndGlobalSection
	GlobalSection(SolutionProperties) = preSolution
		HideSolutionNode = FALSE
	EndGlobalSection
	GlobalSection(ExtensibilityGlobals) = postSolution
		SolutionGuid = {6ED1271E-0897-41E5-81E7-C8D2F7A4BC10}
	EndGlobalSection
EndGlobal
